
Microsoft Visual Studio Solution File, Format Version 12.00
# Visual Studio Version 17
VisualStudioVersion = 17.9.34701.34
MinimumVisualStudioVersion = 10.0.40219.1
Project("{9A19103F-16F7-4668-BE54-9A1E7A4F7556}") = "WpfApp1", "WpfApp1\WpfApp1.csproj", "{AFF5091E-AD5A-4E89-A3D0-E95DCCD811C8}"
EndProject
Project("{FAE04EC0-301F-11D3-BF4B-00C04F79EFBC}") = "BO", "BO\BO.csproj", "{4CDE353C-13C0-49E6-8977-F044A7B8C925}"
EndProject
Global
	GlobalSection(SolutionConfigurationPlatforms) = preSolution
		Debug|Any CPU = Debug|Any CPU
		Release|Any CPU = Release|Any CPU
	EndGlobalSection
	GlobalSection(ProjectConfigurationPlatforms) = postSolution
		{AFF5091E-AD5A-4E89-A3D0-E95DCCD811C8}.Debug|Any CPU.ActiveCfg = Debug|Any CPU
		{AFF5091E-AD5A-4E89-A3D0-E95DCCD811C8}.Debug|Any CPU.Build.0 = Debug|Any CPU
		{AFF5091E-AD5A-4E89-A3D0-E95DCCD811C8}.Release|Any CPU.ActiveCfg = Release|Any CPU
		{AFF5091E-AD5A-4E89-A3D0-E95DCCD811C8}.Release|Any CPU.Build.0 = Release|Any CPU
		{4CDE353C-13C0-49E6-8977-F044A7B8C925}.Debug|Any CPU.ActiveCfg = Debug|Any CPU
		{4CDE353C-13C0-49E6-8977-F044A7B8C925}.Debug|Any CPU.Build.0 = Debug|Any CPU
		{4CDE353C-13C0-49E6-8977-F044A7B8C925}.Release|Any CPU.ActiveCfg = Release|Any CPU
		{4CDE353C-13C0-49E6-8977-F044A7B8C925}.Release|Any CPU.Build.0 = Release|Any CPU
	EndGlobalSection
	GlobalSection(SolutionProperties) = preSolution
		HideSolutionNode = FALSE
	EndGlobalSection
	GlobalSection(ExtensibilityGlobals) = postSolution
		SolutionGuid = {08814172-0DC2-47AB-A3E7-7183CA899ED8}
	EndGlobalSection
EndGlobal
